
Microsoft Visual Studio Solution File, Format Version 12.00
# Visual Studio Version 17
VisualStudioVersion = 17.8.34408.163
MinimumVisualStudioVersion = 10.0.40219.1
Project("{FAE04EC0-301F-11D3-BF4B-00C04F79EFBC}") = "GustavoASP", "GustavoASP.csproj", "{110578BD-AE59-42D5-B319-94F824613D65}"
EndProject
Global
	GlobalSection(SolutionConfigurationPlatforms) = preSolution
		Debug|Any CPU = Debug|Any CPU
		Release|Any CPU = Release|Any CPU
	EndGlobalSection
	GlobalSection(ProjectConfigurationPlatforms) = postSolution
		{110578BD-AE59-42D5-B319-94F824613D65}.Debug|Any CPU.ActiveCfg = Debug|Any CPU
		{110578BD-AE59-42D5-B319-94F824613D65}.Debug|Any CPU.Build.0 = Debug|Any CPU
		{110578BD-AE59-42D5-B319-94F824613D65}.Release|Any CPU.ActiveCfg = Release|Any CPU
		{110578BD-AE59-42D5-B319-94F824613D65}.Release|Any CPU.Build.0 = Release|Any CPU
	EndGlobalSection
	GlobalSection(SolutionProperties) = preSolution
		HideSolutionNode = FALSE
	EndGlobalSection
	GlobalSection(ExtensibilityGlobals) = postSolution
		SolutionGuid = {99589FD9-5BAC-4BA4-A22A-56ADD6D8D5B8}
	EndGlobalSection
EndGlobal
